// !$*UTF8*$!
{
	archiveVersion = 1;
	classes = {
	};
	objectVersion = 56;
	objects = {

/* Begin PBXBuildFile section */
		8713FEA92A91DFF40020C203 /* FrameModifier.swift in Sources */ = {isa = PBXBuildFile; fileRef = 8713FEA82A91DFF40020C203 /* FrameModifier.swift */; };
		87206AAB2A912F31007258A8 /* PlotlineTooltipsApp.swift in Sources */ = {isa = PBXBuildFile; fileRef = 87206AAA2A912F31007258A8 /* PlotlineTooltipsApp.swift */; };
		87206AAF2A912F33007258A8 /* Assets.xcassets in Resources */ = {isa = PBXBuildFile; fileRef = 87206AAE2A912F33007258A8 /* Assets.xcassets */; };
		87206AB22A912F33007258A8 /* Preview Assets.xcassets in Resources */ = {isa = PBXBuildFile; fileRef = 87206AB12A912F33007258A8 /* Preview Assets.xcassets */; };
		87206ADD2A913762007258A8 /* TooltipDataModel.swift in Sources */ = {isa = PBXBuildFile; fileRef = 87206ADC2A913762007258A8 /* TooltipDataModel.swift */; };
		87206ADF2A913785007258A8 /* TooltipView.swift in Sources */ = {isa = PBXBuildFile; fileRef = 87206ADE2A913785007258A8 /* TooltipView.swift */; };
		87206AE12A9137A4007258A8 /* ConfigurationView.swift in Sources */ = {isa = PBXBuildFile; fileRef = 87206AE02A9137A4007258A8 /* ConfigurationView.swift */; };
		87206AE32A9137C9007258A8 /* InitialConfigurationView.swift in Sources */ = {isa = PBXBuildFile; fileRef = 87206AE22A9137C9007258A8 /* InitialConfigurationView.swift */; };
		87206AEB2A913C61007258A8 /* ATArrowConstant.swift in Sources */ = {isa = PBXBuildFile; fileRef = 87206AEA2A913C61007258A8 /* ATArrowConstant.swift */; };
		87206AED2A913C7E007258A8 /* ATBorderConstant.swift in Sources */ = {isa = PBXBuildFile; fileRef = 87206AEC2A913C7E007258A8 /* ATBorderConstant.swift */; };
		87206AEF2A913C92007258A8 /* ATConstant.swift in Sources */ = {isa = PBXBuildFile; fileRef = 87206AEE2A913C92007258A8 /* ATConstant.swift */; };
		87206AF12A913CA5007258A8 /* ATShadowConstant.swift in Sources */ = {isa = PBXBuildFile; fileRef = 87206AF02A913CA5007258A8 /* ATShadowConstant.swift */; };
		87206AF32A913CDA007258A8 /* View+Extensions.swift in Sources */ = {isa = PBXBuildFile; fileRef = 87206AF22A913CDA007258A8 /* View+Extensions.swift */; };
		87206AF52A913CFC007258A8 /* TooltipShape.swift in Sources */ = {isa = PBXBuildFile; fileRef = 87206AF42A913CFC007258A8 /* TooltipShape.swift */; };
		87206AF72A913D24007258A8 /* AxisTooltip.swift in Sources */ = {isa = PBXBuildFile; fileRef = 87206AF62A913D24007258A8 /* AxisTooltip.swift */; };
		CE9794EC2A933835001E45DD /* TooltipViewModel.swift in Sources */ = {isa = PBXBuildFile; fileRef = CE9794EB2A933835001E45DD /* TooltipViewModel.swift */; };
/* End PBXBuildFile section */

/* Begin PBXFileReference section */
		8713FEA82A91DFF40020C203 /* FrameModifier.swift */ = {isa = PBXFileReference; lastKnownFileType = sourcecode.swift; path = FrameModifier.swift; sourceTree = "<group>"; };
		87206AA72A912F30007258A8 /* PlotlineTooltips.app */ = {isa = PBXFileReference; explicitFileType = wrapper.application; includeInIndex = 0; path = PlotlineTooltips.app; sourceTree = BUILT_PRODUCTS_DIR; };
		87206AAA2A912F31007258A8 /* PlotlineTooltipsApp.swift */ = {isa = PBXFileReference; lastKnownFileType = sourcecode.swift; path = PlotlineTooltipsApp.swift; sourceTree = "<group>"; };
		87206AAE2A912F33007258A8 /* Assets.xcassets */ = {isa = PBXFileReference; lastKnownFileType = folder.assetcatalog; path = Assets.xcassets; sourceTree = "<group>"; };
		87206AB12A912F33007258A8 /* Preview Assets.xcassets */ = {isa = PBXFileReference; lastKnownFileType = folder.assetcatalog; path = "Preview Assets.xcassets"; sourceTree = "<group>"; };
		87206ADC2A913762007258A8 /* TooltipDataModel.swift */ = {isa = PBXFileReference; lastKnownFileType = sourcecode.swift; path = TooltipDataModel.swift; sourceTree = "<group>"; };
		87206ADE2A913785007258A8 /* TooltipView.swift */ = {isa = PBXFileReference; lastKnownFileType = sourcecode.swift; path = TooltipView.swift; sourceTree = "<group>"; };
		87206AE02A9137A4007258A8 /* ConfigurationView.swift */ = {isa = PBXFileReference; lastKnownFileType = sourcecode.swift; path = ConfigurationView.swift; sourceTree = "<group>"; };
		87206AE22A9137C9007258A8 /* InitialConfigurationView.swift */ = {isa = PBXFileReference; lastKnownFileType = sourcecode.swift; path = InitialConfigurationView.swift; sourceTree = "<group>"; };
		87206AEA2A913C61007258A8 /* ATArrowConstant.swift */ = {isa = PBXFileReference; lastKnownFileType = sourcecode.swift; path = ATArrowConstant.swift; sourceTree = "<group>"; };
		87206AEC2A913C7E007258A8 /* ATBorderConstant.swift */ = {isa = PBXFileReference; lastKnownFileType = sourcecode.swift; path = ATBorderConstant.swift; sourceTree = "<group>"; };
		87206AEE2A913C92007258A8 /* ATConstant.swift */ = {isa = PBXFileReference; lastKnownFileType = sourcecode.swift; path = ATConstant.swift; sourceTree = "<group>"; };
		87206AF02A913CA5007258A8 /* ATShadowConstant.swift */ = {isa = PBXFileReference; lastKnownFileType = sourcecode.swift; path = ATShadowConstant.swift; sourceTree = "<group>"; };
		87206AF22A913CDA007258A8 /* View+Extensions.swift */ = {isa = PBXFileReference; lastKnownFileType = sourcecode.swift; path = "View+Extensions.swift"; sourceTree = "<group>"; };
		87206AF42A913CFC007258A8 /* TooltipShape.swift */ = {isa = PBXFileReference; lastKnownFileType = sourcecode.swift; path = TooltipShape.swift; sourceTree = "<group>"; };
		87206AF62A913D24007258A8 /* AxisTooltip.swift */ = {isa = PBXFileReference; lastKnownFileType = sourcecode.swift; path = AxisTooltip.swift; sourceTree = "<group>"; };
		CE9794EB2A933835001E45DD /* TooltipViewModel.swift */ = {isa = PBXFileReference; lastKnownFileType = sourcecode.swift; path = TooltipViewModel.swift; sourceTree = "<group>"; };
/* End PBXFileReference section */

/* Begin PBXFrameworksBuildPhase section */
		87206AA42A912F30007258A8 /* Frameworks */ = {
			isa = PBXFrameworksBuildPhase;
			buildActionMask = 2147483647;
			files = (
			);
			runOnlyForDeploymentPostprocessing = 0;
		};
/* End PBXFrameworksBuildPhase section */

/* Begin PBXGroup section */
		87206A9E2A912F30007258A8 = {
			isa = PBXGroup;
			children = (
				87206AA92A912F30007258A8 /* PlotlineTooltips */,
				87206AA82A912F30007258A8 /* Products */,
			);
			sourceTree = "<group>";
		};
		87206AA82A912F30007258A8 /* Products */ = {
			isa = PBXGroup;
			children = (
				87206AA72A912F30007258A8 /* PlotlineTooltips.app */,
			);
			name = Products;
			sourceTree = "<group>";
		};
		87206AA92A912F30007258A8 /* PlotlineTooltips */ = {
			isa = PBXGroup;
			children = (
				87206AE42A913BF6007258A8 /* TooltipsSettings */,
				87206AAA2A912F31007258A8 /* PlotlineTooltipsApp.swift */,
				87206ADC2A913762007258A8 /* TooltipDataModel.swift */,
				CE9794EB2A933835001E45DD /* TooltipViewModel.swift */,
				87206ADE2A913785007258A8 /* TooltipView.swift */,
				87206AE02A9137A4007258A8 /* ConfigurationView.swift */,
				87206AE22A9137C9007258A8 /* InitialConfigurationView.swift */,
				87206AAE2A912F33007258A8 /* Assets.xcassets */,
				87206AB02A912F33007258A8 /* Preview Content */,
			);
			path = PlotlineTooltips;
			sourceTree = "<group>";
		};
		87206AB02A912F33007258A8 /* Preview Content */ = {
			isa = PBXGroup;
			children = (
				87206AB12A912F33007258A8 /* Preview Assets.xcassets */,
			);
			path = "Preview Content";
			sourceTree = "<group>";
		};
		87206AE42A913BF6007258A8 /* TooltipsSettings */ = {
			isa = PBXGroup;
			children = (
				87206AE52A913C06007258A8 /* Constraints */,
				87206AE62A913C12007258A8 /* Extensions */,
				87206AE72A913C20007258A8 /* Shape */,
				87206AE82A913C26007258A8 /* Utils */,
			);
			path = TooltipsSettings;
			sourceTree = "<group>";
		};
		87206AE52A913C06007258A8 /* Constraints */ = {
			isa = PBXGroup;
			children = (
				87206AEA2A913C61007258A8 /* ATArrowConstant.swift */,
				87206AEC2A913C7E007258A8 /* ATBorderConstant.swift */,
				87206AEE2A913C92007258A8 /* ATConstant.swift */,
				87206AF02A913CA5007258A8 /* ATShadowConstant.swift */,
			);
			path = Constraints;
			sourceTree = "<group>";
		};
		87206AE62A913C12007258A8 /* Extensions */ = {
			isa = PBXGroup;
			children = (
				87206AF22A913CDA007258A8 /* View+Extensions.swift */,
			);
			path = Extensions;
			sourceTree = "<group>";
		};
		87206AE72A913C20007258A8 /* Shape */ = {
			isa = PBXGroup;
			children = (
				87206AF42A913CFC007258A8 /* TooltipShape.swift */,
			);
			path = Shape;
			sourceTree = "<group>";
		};
		87206AE82A913C26007258A8 /* Utils */ = {
			isa = PBXGroup;
			children = (
				87206AF62A913D24007258A8 /* AxisTooltip.swift */,
				8713FEA82A91DFF40020C203 /* FrameModifier.swift */,
			);
			path = Utils;
			sourceTree = "<group>";
		};
/* End PBXGroup section */

/* Begin PBXNativeTarget section */
		87206AA62A912F30007258A8 /* PlotlineTooltips */ = {
			isa = PBXNativeTarget;
			buildConfigurationList = 87206AB52A912F33007258A8 /* Build configuration list for PBXNativeTarget "PlotlineTooltips" */;
			buildPhases = (
				87206AA32A912F30007258A8 /* Sources */,
				87206AA42A912F30007258A8 /* Frameworks */,
				87206AA52A912F30007258A8 /* Resources */,
			);
			buildRules = (
			);
			dependencies = (
			);
			name = PlotlineTooltips;
			packageProductDependencies = (
			);
			productName = PlotlineTooltips;
			productReference = 87206AA72A912F30007258A8 /* PlotlineTooltips.app */;
			productType = "com.apple.product-type.application";
		};
/* End PBXNativeTarget section */

/* Begin PBXProject section */
		87206A9F2A912F30007258A8 /* Project object */ = {
			isa = PBXProject;
			attributes = {
				BuildIndependentTargetsInParallel = 1;
				LastSwiftUpdateCheck = 1430;
				LastUpgradeCheck = 1430;
				TargetAttributes = {
					87206AA62A912F30007258A8 = {
						CreatedOnToolsVersion = 14.3.1;
					};
				};
			};
			buildConfigurationList = 87206AA22A912F30007258A8 /* Build configuration list for PBXProject "PlotlineTooltips" */;
			compatibilityVersion = "Xcode 14.0";
			developmentRegion = en;
			hasScannedForEncodings = 0;
			knownRegions = (
				en,
				Base,
			);
			mainGroup = 87206A9E2A912F30007258A8;
			packageReferences = (
			);
			productRefGroup = 87206AA82A912F30007258A8 /* Products */;
			projectDirPath = "";
			projectRoot = "";
			targets = (
				87206AA62A912F30007258A8 /* PlotlineTooltips */,
			);
		};
/* End PBXProject section */

/* Begin PBXResourcesBuildPhase section */
		87206AA52A912F30007258A8 /* Resources */ = {
			isa = PBXResourcesBuildPhase;
			buildActionMask = 2147483647;
			files = (
				87206AB22A912F33007258A8 /* Preview Assets.xcassets in Resources */,
				87206AAF2A912F33007258A8 /* Assets.xcassets in Resources */,
			);
			runOnlyForDeploymentPostprocessing = 0;
		};
/* End PBXResourcesBuildPhase section */

/* Begin PBXSourcesBuildPhase section */
		87206AA32A912F30007258A8 /* Sources */ = {
			isa = PBXSourcesBuildPhase;
			buildActionMask = 2147483647;
			files = (
				87206AF72A913D24007258A8 /* AxisTooltip.swift in Sources */,
				87206AE12A9137A4007258A8 /* ConfigurationView.swift in Sources */,
				87206ADD2A913762007258A8 /* TooltipDataModel.swift in Sources */,
				87206AEF2A913C92007258A8 /* ATConstant.swift in Sources */,
				87206ADF2A913785007258A8 /* TooltipView.swift in Sources */,
				87206AF12A913CA5007258A8 /* ATShadowConstant.swift in Sources */,
				87206AE32A9137C9007258A8 /* InitialConfigurationView.swift in Sources */,
				87206AEB2A913C61007258A8 /* ATArrowConstant.swift in Sources */,
				8713FEA92A91DFF40020C203 /* FrameModifier.swift in Sources */,
				87206AAB2A912F31007258A8 /* PlotlineTooltipsApp.swift in Sources */,
				CE9794EC2A933835001E45DD /* TooltipViewModel.swift in Sources */,
				87206AF32A913CDA007258A8 /* View+Extensions.swift in Sources */,
				87206AED2A913C7E007258A8 /* ATBorderConstant.swift in Sources */,
				87206AF52A913CFC007258A8 /* TooltipShape.swift in Sources */,
			);
			runOnlyForDeploymentPostprocessing = 0;
		};
/* End PBXSourcesBuildPhase section */

/* Begin XCBuildConfiguration section */
		87206AB32A912F33007258A8 /* Debug */ = {
			isa = XCBuildConfiguration;
			buildSettings = {
				ALWAYS_SEARCH_USER_PATHS = NO;
				CLANG_ANALYZER_NONNULL = YES;
				CLANG_ANALYZER_NUMBER_OBJECT_CONVERSION = YES_AGGRESSIVE;
				CLANG_CXX_LANGUAGE_STANDARD = "gnu++20";
				CLANG_ENABLE_MODULES = YES;
				CLANG_ENABLE_OBJC_ARC = YES;
				CLANG_ENABLE_OBJC_WEAK = YES;
				CLANG_WARN_BLOCK_CAPTURE_AUTORELEASING = YES;
				CLANG_WARN_BOOL_CONVERSION = YES;
				CLANG_WARN_COMMA = YES;
				CLANG_WARN_CONSTANT_CONVERSION = YES;
				CLANG_WARN_DEPRECATED_OBJC_IMPLEMENTATIONS = YES;
				CLANG_WARN_DIRECT_OBJC_ISA_USAGE = YES_ERROR;
				CLANG_WARN_DOCUMENTATION_COMMENTS = YES;
				CLANG_WARN_EMPTY_BODY = YES;
				CLANG_WARN_ENUM_CONVERSION = YES;
				CLANG_WARN_INFINITE_RECURSION = YES;
				CLANG_WARN_INT_CONVERSION = YES;
				CLANG_WARN_NON_LITERAL_NULL_CONVERSION = YES;
				CLANG_WARN_OBJC_IMPLICIT_RETAIN_SELF = YES;
				CLANG_WARN_OBJC_LITERAL_CONVERSION = YES;
				CLANG_WARN_OBJC_ROOT_CLASS = YES_ERROR;
				CLANG_WARN_QUOTED_INCLUDE_IN_FRAMEWORK_HEADER = YES;
				CLANG_WARN_RANGE_LOOP_ANALYSIS = YES;
				CLANG_WARN_STRICT_PROTOTYPES = YES;
				CLANG_WARN_SUSPICIOUS_MOVE = YES;
				CLANG_WARN_UNGUARDED_AVAILABILITY = YES_AGGRESSIVE;
				CLANG_WARN_UNREACHABLE_CODE = YES;
				CLANG_WARN__DUPLICATE_METHOD_MATCH = YES;
				COPY_PHASE_STRIP = NO;
				DEBUG_INFORMATION_FORMAT = dwarf;
				ENABLE_STRICT_OBJC_MSGSEND = YES;
				ENABLE_TESTABILITY = YES;
				GCC_C_LANGUAGE_STANDARD = gnu11;
				GCC_DYNAMIC_NO_PIC = NO;
				GCC_NO_COMMON_BLOCKS = YES;
				GCC_OPTIMIZATION_LEVEL = 0;
				GCC_PREPROCESSOR_DEFINITIONS = (
					"DEBUG=1",
					"$(inherited)",
				);
				GCC_WARN_64_TO_32_BIT_CONVERSION = YES;
				GCC_WARN_ABOUT_RETURN_TYPE = YES_ERROR;
				GCC_WARN_UNDECLARED_SELECTOR = YES;
				GCC_WARN_UNINITIALIZED_AUTOS = YES_AGGRESSIVE;
				GCC_WARN_UNUSED_FUNCTION = YES;
				GCC_WARN_UNUSED_VARIABLE = YES;
				IPHONEOS_DEPLOYMENT_TARGET = 14.0;
				MTL_ENABLE_DEBUG_INFO = INCLUDE_SOURCE;
				MTL_FAST_MATH = YES;
				ONLY_ACTIVE_ARCH = YES;
				SDKROOT = iphoneos;
				SWIFT_ACTIVE_COMPILATION_CONDITIONS = DEBUG;
				SWIFT_OPTIMIZATION_LEVEL = "-Onone";
			};
			name = Debug;
		};
		87206AB42A912F33007258A8 /* Release */ = {
			isa = XCBuildConfiguration;
			buildSettings = {
				ALWAYS_SEARCH_USER_PATHS = NO;
				CLANG_ANALYZER_NONNULL = YES;
				CLANG_ANALYZER_NUMBER_OBJECT_CONVERSION = YES_AGGRESSIVE;
				CLANG_CXX_LANGUAGE_STANDARD = "gnu++20";
				CLANG_ENABLE_MODULES = YES;
				CLANG_ENABLE_OBJC_ARC = YES;
				CLANG_ENABLE_OBJC_WEAK = YES;
				CLANG_WARN_BLOCK_CAPTURE_AUTORELEASING = YES;
				CLANG_WARN_BOOL_CONVERSION = YES;
				CLANG_WARN_COMMA = YES;
				CLANG_WARN_CONSTANT_CONVERSION = YES;
				CLANG_WARN_DEPRECATED_OBJC_IMPLEMENTATIONS = YES;
				CLANG_WARN_DIRECT_OBJC_ISA_USAGE = YES_ERROR;
				CLANG_WARN_DOCUMENTATION_COMMENTS = YES;
				CLANG_WARN_EMPTY_BODY = YES;
				CLANG_WARN_ENUM_CONVERSION = YES;
				CLANG_WARN_INFINITE_RECURSION = YES;
				CLANG_WARN_INT_CONVERSION = YES;
				CLANG_WARN_NON_LITERAL_NULL_CONVERSION = YES;
				CLANG_WARN_OBJC_IMPLICIT_RETAIN_SELF = YES;
				CLANG_WARN_OBJC_LITERAL_CONVERSION = YES;
				CLANG_WARN_OBJC_ROOT_CLASS = YES_ERROR;
				CLANG_WARN_QUOTED_INCLUDE_IN_FRAMEWORK_HEADER = YES;
				CLANG_WARN_RANGE_LOOP_ANALYSIS = YES;
				CLANG_WARN_STRICT_PROTOTYPES = YES;
				CLANG_WARN_SUSPICIOUS_MOVE = YES;
				CLANG_WARN_UNGUARDED_AVAILABILITY = YES_AGGRESSIVE;
				CLANG_WARN_UNREACHABLE_CODE = YES;
				CLANG_WARN__DUPLICATE_METHOD_MATCH = YES;
				COPY_PHASE_STRIP = NO;
				DEBUG_INFORMATION_FORMAT = "dwarf-with-dsym";
				ENABLE_NS_ASSERTIONS = NO;
				ENABLE_STRICT_OBJC_MSGSEND = YES;
				GCC_C_LANGUAGE_STANDARD = gnu11;
				GCC_NO_COMMON_BLOCKS = YES;
				GCC_WARN_64_TO_32_BIT_CONVERSION = YES;
				GCC_WARN_ABOUT_RETURN_TYPE = YES_ERROR;
				GCC_WARN_UNDECLARED_SELECTOR = YES;
				GCC_WARN_UNINITIALIZED_AUTOS = YES_AGGRESSIVE;
				GCC_WARN_UNUSED_FUNCTION = YES;
				GCC_WARN_UNUSED_VARIABLE = YES;
				IPHONEOS_DEPLOYMENT_TARGET = 14.0;
				MTL_ENABLE_DEBUG_INFO = NO;
				MTL_FAST_MATH = YES;
				SDKROOT = iphoneos;
				SWIFT_COMPILATION_MODE = wholemodule;
				SWIFT_OPTIMIZATION_LEVEL = "-O";
				VALIDATE_PRODUCT = YES;
			};
			name = Release;
		};
		87206AB62A912F33007258A8 /* Debug */ = {
			isa = XCBuildConfiguration;
			buildSettings = {
				ASSETCATALOG_COMPILER_APPICON_NAME = AppIcon;
				ASSETCATALOG_COMPILER_GLOBAL_ACCENT_COLOR_NAME = AccentColor;
				CODE_SIGN_STYLE = Automatic;
				CURRENT_PROJECT_VERSION = 1;
				DEVELOPMENT_ASSET_PATHS = "\"PlotlineTooltips/Preview Content\"";
				DEVELOPMENT_TEAM = P69HM3CA75;
				ENABLE_PREVIEWS = YES;
				GENERATE_INFOPLIST_FILE = YES;
				INFOPLIST_KEY_UIApplicationSceneManifest_Generation = YES;
				INFOPLIST_KEY_UIApplicationSupportsIndirectInputEvents = YES;
				INFOPLIST_KEY_UILaunchScreen_Generation = YES;
				INFOPLIST_KEY_UISupportedInterfaceOrientations_iPad = "UIInterfaceOrientationPortrait UIInterfaceOrientationPortraitUpsideDown UIInterfaceOrientationLandscapeLeft UIInterfaceOrientationLandscapeRight";
				INFOPLIST_KEY_UISupportedInterfaceOrientations_iPhone = "UIInterfaceOrientationPortrait UIInterfaceOrientationLandscapeLeft UIInterfaceOrientationLandscapeRight";
				LD_RUNPATH_SEARCH_PATHS = (
					"$(inherited)",
					"@executable_path/Frameworks",
				);
				MARKETING_VERSION = 1.0;
				PRODUCT_BUNDLE_IDENTIFIER = "Agrim-Srivastava.PlotlineTooltips";
				PRODUCT_NAME = "$(TARGET_NAME)";
				SWIFT_EMIT_LOC_STRINGS = YES;
				SWIFT_VERSION = 5.0;
				TARGETED_DEVICE_FAMILY = "1,2";
			};
			name = Debug;
		};
		87206AB72A912F33007258A8 /* Release */ = {
			isa = XCBuildConfiguration;
			buildSettings = {
				ASSETCATALOG_COMPILER_APPICON_NAME = AppIcon;
				ASSETCATALOG_COMPILER_GLOBAL_ACCENT_COLOR_NAME = AccentColor;
				CODE_SIGN_STYLE = Automatic;
				CURRENT_PROJECT_VERSION = 1;
				DEVELOPMENT_ASSET_PATHS = "\"PlotlineTooltips/Preview Content\"";
				DEVELOPMENT_TEAM = P69HM3CA75;
				ENABLE_PREVIEWS = YES;
				GENERATE_INFOPLIST_FILE = YES;
				INFOPLIST_KEY_UIApplicationSceneManifest_Generation = YES;
				INFOPLIST_KEY_UIApplicationSupportsIndirectInputEvents = YES;
				INFOPLIST_KEY_UILaunchScreen_Generation = YES;
				INFOPLIST_KEY_UISupportedInterfaceOrientations_iPad = "UIInterfaceOrientationPortrait UIInterfaceOrientationPortraitUpsideDown UIInterfaceOrientationLandscapeLeft UIInterfaceOrientationLandscapeRight";
				INFOPLIST_KEY_UISupportedInterfaceOrientations_iPhone = "UIInterfaceOrientationPortrait UIInterfaceOrientationLandscapeLeft UIInterfaceOrientationLandscapeRight";
				LD_RUNPATH_SEARCH_PATHS = (
					"$(inherited)",
					"@executable_path/Frameworks",
				);
				MARKETING_VERSION = 1.0;
				PRODUCT_BUNDLE_IDENTIFIER = "Agrim-Srivastava.PlotlineTooltips";
				PRODUCT_NAME = "$(TARGET_NAME)";
				SWIFT_EMIT_LOC_STRINGS = YES;
				SWIFT_VERSION = 5.0;
				TARGETED_DEVICE_FAMILY = "1,2";
			};
			name = Release;
		};
/* End XCBuildConfiguration section */

/* Begin XCConfigurationList section */
		87206AA22A912F30007258A8 /* Build configuration list for PBXProject "PlotlineTooltips" */ = {
			isa = XCConfigurationList;
			buildConfigurations = (
				87206AB32A912F33007258A8 /* Debug */,
				87206AB42A912F33007258A8 /* Release */,
			);
			defaultConfigurationIsVisible = 0;
			defaultConfigurationName = Release;
		};
		87206AB52A912F33007258A8 /* Build configuration list for PBXNativeTarget "PlotlineTooltips" */ = {
			isa = XCConfigurationList;
			buildConfigurations = (
				87206AB62A912F33007258A8 /* Debug */,
				87206AB72A912F33007258A8 /* Release */,
			);
			defaultConfigurationIsVisible = 0;
			defaultConfigurationName = Release;
		};
/* End XCConfigurationList section */
	};
	rootObject = 87206A9F2A912F30007258A8 /* Project object */;
}
